
Microsoft Visual Studio Solution File, Format Version 12.00
# Visual Studio Version 17
VisualStudioVersion = 17.11.35327.3
MinimumVisualStudioVersion = 10.0.40219.1
Project("{9A19103F-16F7-4668-BE54-9A1E7A4F7556}") = "LostFocusDemo", "LostFocusDemo\LostFocusDemo.csproj", "{C25FD7E7-6E39-48F1-9387-EE22E7E23E67}"
EndProject
Project("{FAE04EC0-301F-11D3-BF4B-00C04F79EFBC}") = "Common", "Common\Common.csproj", "{881981CC-4E25-467E-B31D-B53EFBCA7E17}"
EndProject
Global
	GlobalSection(SolutionConfigurationPlatforms) = preSolution
		Debug|Any CPU = Debug|Any CPU
		Release|Any CPU = Release|Any CPU
	EndGlobalSection
	GlobalSection(ProjectConfigurationPlatforms) = postSolution
		{C25FD7E7-6E39-48F1-9387-EE22E7E23E67}.Debug|Any CPU.ActiveCfg = Debug|Any CPU
		{C25FD7E7-6E39-48F1-9387-EE22E7E23E67}.Debug|Any CPU.Build.0 = Debug|Any CPU
		{C25FD7E7-6E39-48F1-9387-EE22E7E23E67}.Release|Any CPU.ActiveCfg = Release|Any CPU
		{C25FD7E7-6E39-48F1-9387-EE22E7E23E67}.Release|Any CPU.Build.0 = Release|Any CPU
		{881981CC-4E25-467E-B31D-B53EFBCA7E17}.Debug|Any CPU.ActiveCfg = Debug|Any CPU
		{881981CC-4E25-467E-B31D-B53EFBCA7E17}.Debug|Any CPU.Build.0 = Debug|Any CPU
		{881981CC-4E25-467E-B31D-B53EFBCA7E17}.Release|Any CPU.ActiveCfg = Release|Any CPU
		{881981CC-4E25-467E-B31D-B53EFBCA7E17}.Release|Any CPU.Build.0 = Release|Any CPU
	EndGlobalSection
	GlobalSection(SolutionProperties) = preSolution
		HideSolutionNode = FALSE
	EndGlobalSection
	GlobalSection(ExtensibilityGlobals) = postSolution
		SolutionGuid = {65A55671-88B8-4DD9-A8A4-C7D8DD78F50A}
	EndGlobalSection
EndGlobal
